
Microsoft Visual Studio Solution File, Format Version 12.00
# Visual Studio Version 17
VisualStudioVersion = 17.10.34707.107
MinimumVisualStudioVersion = 10.0.40219.1
Project("{FAE04EC0-301F-11D3-BF4B-00C04F79EFBC}") = "FileMetaTagger", "FileMetaTagger.csproj", "{C5BE0BFC-9605-4F08-BB2C-833B264AD246}"
EndProject
Global
	GlobalSection(SolutionConfigurationPlatforms) = preSolution
		Debug|Any CPU = Debug|Any CPU
		Release|Any CPU = Release|Any CPU
	EndGlobalSection
	GlobalSection(ProjectConfigurationPlatforms) = postSolution
		{C5BE0BFC-9605-4F08-BB2C-833B264AD246}.Debug|Any CPU.ActiveCfg = Debug|Any CPU
		{C5BE0BFC-9605-4F08-BB2C-833B264AD246}.Debug|Any CPU.Build.0 = Debug|Any CPU
		{C5BE0BFC-9605-4F08-BB2C-833B264AD246}.Release|Any CPU.ActiveCfg = Release|Any CPU
		{C5BE0BFC-9605-4F08-BB2C-833B264AD246}.Release|Any CPU.Build.0 = Release|Any CPU
	EndGlobalSection
	GlobalSection(SolutionProperties) = preSolution
		HideSolutionNode = FALSE
	EndGlobalSection
	GlobalSection(ExtensibilityGlobals) = postSolution
		SolutionGuid = {66F10E74-0D06-499E-91B3-3E5A4755049B}
	EndGlobalSection
EndGlobal
